
Microsoft Visual Studio Solution File, Format Version 12.00
# Visual Studio 15
VisualStudioVersion = 15.0.26403.7
MinimumVisualStudioVersion = 10.0.40219.1
Project("{F2A71F9B-5D33-465A-A702-920D77279786}") = "uArmSwift", "uArmSwift.fsproj", "{9F075EB5-DB39-4F41-98C7-4923300CF6C0}"
EndProject
Project("{FAE04EC0-301F-11D3-BF4B-00C04F79EFBC}") = "uArmSwiftTestApp", "C:\Users\ASHLEYF\Desktop\uArmSwiftTestApp\uArmSwiftTestApp.csproj", "{3C4886B1-866A-4254-B95D-EEE6DFF2F7C8}"
EndProject
Global
	GlobalSection(SolutionConfigurationPlatforms) = preSolution
		Debug|Any CPU = Debug|Any CPU
		Release|Any CPU = Release|Any CPU
	EndGlobalSection
	GlobalSection(ProjectConfigurationPlatforms) = postSolution
		{9F075EB5-DB39-4F41-98C7-4923300CF6C0}.Debug|Any CPU.ActiveCfg = Debug|Any CPU
		{9F075EB5-DB39-4F41-98C7-4923300CF6C0}.Debug|Any CPU.Build.0 = Debug|Any CPU
		{9F075EB5-DB39-4F41-98C7-4923300CF6C0}.Release|Any CPU.ActiveCfg = Release|Any CPU
		{9F075EB5-DB39-4F41-98C7-4923300CF6C0}.Release|Any CPU.Build.0 = Release|Any CPU
		{3C4886B1-866A-4254-B95D-EEE6DFF2F7C8}.Debug|Any CPU.ActiveCfg = Debug|Any CPU
		{3C4886B1-866A-4254-B95D-EEE6DFF2F7C8}.Debug|Any CPU.Build.0 = Debug|Any CPU
		{3C4886B1-866A-4254-B95D-EEE6DFF2F7C8}.Release|Any CPU.ActiveCfg = Release|Any CPU
		{3C4886B1-866A-4254-B95D-EEE6DFF2F7C8}.Release|Any CPU.Build.0 = Release|Any CPU
	EndGlobalSection
	GlobalSection(SolutionProperties) = preSolution
		HideSolutionNode = FALSE
	EndGlobalSection
EndGlobal
